// !$*UTF8*$!
{
	archiveVersion = 1;
	classes = {
	};
	objectVersion = 56;
	objects = {

/* Begin PBXBuildFile section */
		4A638DE72938C32E00FFB4C3 /* LoginViewController.swift in Sources */ = {isa = PBXBuildFile; fileRef = 4A638DE62938C32E00FFB4C3 /* LoginViewController.swift */; };
		4A638DE92938C35D00FFB4C3 /* RegisterViewController.swift in Sources */ = {isa = PBXBuildFile; fileRef = 4A638DE82938C35D00FFB4C3 /* RegisterViewController.swift */; };
		4A638DEB2938C6AB00FFB4C3 /* CardView.swift in Sources */ = {isa = PBXBuildFile; fileRef = 4A638DEA2938C6AB00FFB4C3 /* CardView.swift */; };
		4A737AB82938A66C00038F7B /* Location+CoreDataClass.swift in Sources */ = {isa = PBXBuildFile; fileRef = 4A737AB42938A66C00038F7B /* Location+CoreDataClass.swift */; };
		4A737AB92938A66C00038F7B /* Location+CoreDataProperties.swift in Sources */ = {isa = PBXBuildFile; fileRef = 4A737AB52938A66C00038F7B /* Location+CoreDataProperties.swift */; };
		4A737ABA2938A66C00038F7B /* Coords+CoreDataClass.swift in Sources */ = {isa = PBXBuildFile; fileRef = 4A737AB62938A66C00038F7B /* Coords+CoreDataClass.swift */; };
		4A737ABB2938A66C00038F7B /* Coords+CoreDataProperties.swift in Sources */ = {isa = PBXBuildFile; fileRef = 4A737AB72938A66C00038F7B /* Coords+CoreDataProperties.swift */; };
		4A737ABD2938A7B800038F7B /* K.swift in Sources */ = {isa = PBXBuildFile; fileRef = 4A737ABC2938A7B800038F7B /* K.swift */; };
		4A737ABF2938AC1A00038F7B /* GoogleService-Info.plist in Resources */ = {isa = PBXBuildFile; fileRef = 4A737ABE2938AC1900038F7B /* GoogleService-Info.plist */; };
		4A737AC22938AF1600038F7B /* FirebaseAuth in Frameworks */ = {isa = PBXBuildFile; productRef = 4A737AC12938AF1600038F7B /* FirebaseAuth */; };
		4A737AC42938AF1600038F7B /* FirebaseAuthCombine-Community in Frameworks */ = {isa = PBXBuildFile; productRef = 4A737AC32938AF1600038F7B /* FirebaseAuthCombine-Community */; };
		4A737AC62938AF1600038F7B /* FirebaseFirestore in Frameworks */ = {isa = PBXBuildFile; productRef = 4A737AC52938AF1600038F7B /* FirebaseFirestore */; };
		4A737AC82938AF1600038F7B /* FirebaseFirestoreCombine-Community in Frameworks */ = {isa = PBXBuildFile; productRef = 4A737AC72938AF1600038F7B /* FirebaseFirestoreCombine-Community */; };
		4A737ACA2938AF1600038F7B /* FirebaseFirestoreSwift in Frameworks */ = {isa = PBXBuildFile; productRef = 4A737AC92938AF1600038F7B /* FirebaseFirestoreSwift */; };
		4A7E5D64293A08B60056B690 /* AppRepository.swift in Sources */ = {isa = PBXBuildFile; fileRef = 4A7E5D63293A08B60056B690 /* AppRepository.swift */; };
		4A7E5D68293A65730056B690 /* Login.storyboard in Resources */ = {isa = PBXBuildFile; fileRef = 4A7E5D67293A65730056B690 /* Login.storyboard */; };
		4A7E5D6A293A69600056B690 /* App.storyboard in Resources */ = {isa = PBXBuildFile; fileRef = 4A7E5D69293A69600056B690 /* App.storyboard */; };
		4A7E5D6F293E04D60056B690 /* WebRessourcesViewController.swift in Sources */ = {isa = PBXBuildFile; fileRef = 4A7E5D6E293E04D60056B690 /* WebRessourcesViewController.swift */; };
		4A8EA03329397E2A00996B5D /* LocationCell.swift in Sources */ = {isa = PBXBuildFile; fileRef = 4A8EA03129397E2A00996B5D /* LocationCell.swift */; };
		4A8EA03429397E2A00996B5D /* LocationCell.xib in Resources */ = {isa = PBXBuildFile; fileRef = 4A8EA03229397E2A00996B5D /* LocationCell.xib */; };
		4AE343DF29268D4600B25A9B /* AppDelegate.swift in Sources */ = {isa = PBXBuildFile; fileRef = 4AE343DE29268D4600B25A9B /* AppDelegate.swift */; };
		4AE343E129268D4600B25A9B /* SceneDelegate.swift in Sources */ = {isa = PBXBuildFile; fileRef = 4AE343E029268D4600B25A9B /* SceneDelegate.swift */; };
		4AE343E329268D4600B25A9B /* WelcomeViewController.swift in Sources */ = {isa = PBXBuildFile; fileRef = 4AE343E229268D4600B25A9B /* WelcomeViewController.swift */; };
		4AE343E629268D4600B25A9B /* Main.storyboard in Resources */ = {isa = PBXBuildFile; fileRef = 4AE343E429268D4600B25A9B /* Main.storyboard */; };
		4AE343E929268D4600B25A9B /* MyLocationsIOS.xcdatamodeld in Sources */ = {isa = PBXBuildFile; fileRef = 4AE343E729268D4600B25A9B /* MyLocationsIOS.xcdatamodeld */; };
		4AE343EB29268D4800B25A9B /* Assets.xcassets in Resources */ = {isa = PBXBuildFile; fileRef = 4AE343EA29268D4800B25A9B /* Assets.xcassets */; };
		4AE343EE29268D4800B25A9B /* LaunchScreen.storyboard in Resources */ = {isa = PBXBuildFile; fileRef = 4AE343EC29268D4800B25A9B /* LaunchScreen.storyboard */; };
		4AE343FA29269B5000B25A9B /* LocationDetailViewController.swift in Sources */ = {isa = PBXBuildFile; fileRef = 4AE343F929269B5000B25A9B /* LocationDetailViewController.swift */; };
		4AE343FE29269E1100B25A9B /* LocationListViewController.swift in Sources */ = {isa = PBXBuildFile; fileRef = 4AE343FD29269E1100B25A9B /* LocationListViewController.swift */; };
/* End PBXBuildFile section */

/* Begin PBXFileReference section */
		4A638DE62938C32E00FFB4C3 /* LoginViewController.swift */ = {isa = PBXFileReference; lastKnownFileType = sourcecode.swift; path = LoginViewController.swift; sourceTree = "<group>"; };
		4A638DE82938C35D00FFB4C3 /* RegisterViewController.swift */ = {isa = PBXFileReference; lastKnownFileType = sourcecode.swift; path = RegisterViewController.swift; sourceTree = "<group>"; };
		4A638DEA2938C6AB00FFB4C3 /* CardView.swift */ = {isa = PBXFileReference; lastKnownFileType = sourcecode.swift; path = CardView.swift; sourceTree = "<group>"; };
		4A737AB42938A66C00038F7B /* Location+CoreDataClass.swift */ = {isa = PBXFileReference; lastKnownFileType = sourcecode.swift; path = "Location+CoreDataClass.swift"; sourceTree = "<group>"; };
		4A737AB52938A66C00038F7B /* Location+CoreDataProperties.swift */ = {isa = PBXFileReference; lastKnownFileType = sourcecode.swift; path = "Location+CoreDataProperties.swift"; sourceTree = "<group>"; };
		4A737AB62938A66C00038F7B /* Coords+CoreDataClass.swift */ = {isa = PBXFileReference; lastKnownFileType = sourcecode.swift; path = "Coords+CoreDataClass.swift"; sourceTree = "<group>"; };
		4A737AB72938A66C00038F7B /* Coords+CoreDataProperties.swift */ = {isa = PBXFileReference; lastKnownFileType = sourcecode.swift; path = "Coords+CoreDataProperties.swift"; sourceTree = "<group>"; };
		4A737ABC2938A7B800038F7B /* K.swift */ = {isa = PBXFileReference; lastKnownFileType = sourcecode.swift; path = K.swift; sourceTree = "<group>"; };
		4A737ABE2938AC1900038F7B /* GoogleService-Info.plist */ = {isa = PBXFileReference; fileEncoding = 4; lastKnownFileType = text.plist.xml; path = "GoogleService-Info.plist"; sourceTree = "<group>"; };
		4A7E5D63293A08B60056B690 /* AppRepository.swift */ = {isa = PBXFileReference; lastKnownFileType = sourcecode.swift; path = AppRepository.swift; sourceTree = "<group>"; };
		4A7E5D67293A65730056B690 /* Login.storyboard */ = {isa = PBXFileReference; lastKnownFileType = file.storyboard; path = Login.storyboard; sourceTree = "<group>"; };
		4A7E5D69293A69600056B690 /* App.storyboard */ = {isa = PBXFileReference; lastKnownFileType = file.storyboard; path = App.storyboard; sourceTree = "<group>"; };
		4A7E5D6E293E04D60056B690 /* WebRessourcesViewController.swift */ = {isa = PBXFileReference; lastKnownFileType = sourcecode.swift; path = WebRessourcesViewController.swift; sourceTree = "<group>"; };
		4A8EA03129397E2A00996B5D /* LocationCell.swift */ = {isa = PBXFileReference; lastKnownFileType = sourcecode.swift; path = LocationCell.swift; sourceTree = "<group>"; };
		4A8EA03229397E2A00996B5D /* LocationCell.xib */ = {isa = PBXFileReference; lastKnownFileType = file.xib; path = LocationCell.xib; sourceTree = "<group>"; };
		4AE343DB29268D4600B25A9B /* MyLocationsIOS.app */ = {isa = PBXFileReference; explicitFileType = wrapper.application; includeInIndex = 0; path = MyLocationsIOS.app; sourceTree = BUILT_PRODUCTS_DIR; };
		4AE343DE29268D4600B25A9B /* AppDelegate.swift */ = {isa = PBXFileReference; lastKnownFileType = sourcecode.swift; path = AppDelegate.swift; sourceTree = "<group>"; };
		4AE343E029268D4600B25A9B /* SceneDelegate.swift */ = {isa = PBXFileReference; lastKnownFileType = sourcecode.swift; path = SceneDelegate.swift; sourceTree = "<group>"; };
		4AE343E229268D4600B25A9B /* WelcomeViewController.swift */ = {isa = PBXFileReference; lastKnownFileType = sourcecode.swift; path = WelcomeViewController.swift; sourceTree = "<group>"; };
		4AE343E529268D4600B25A9B /* Base */ = {isa = PBXFileReference; lastKnownFileType = file.storyboard; name = Base; path = Base.lproj/Main.storyboard; sourceTree = "<group>"; };
		4AE343E829268D4600B25A9B /* MyLocationsIOS.xcdatamodel */ = {isa = PBXFileReference; lastKnownFileType = wrapper.xcdatamodel; path = MyLocationsIOS.xcdatamodel; sourceTree = "<group>"; };
		4AE343EA29268D4800B25A9B /* Assets.xcassets */ = {isa = PBXFileReference; lastKnownFileType = folder.assetcatalog; path = Assets.xcassets; sourceTree = "<group>"; };
		4AE343ED29268D4800B25A9B /* Base */ = {isa = PBXFileReference; lastKnownFileType = file.storyboard; name = Base; path = Base.lproj/LaunchScreen.storyboard; sourceTree = "<group>"; };
		4AE343EF29268D4800B25A9B /* Info.plist */ = {isa = PBXFileReference; lastKnownFileType = text.plist.xml; path = Info.plist; sourceTree = "<group>"; };
		4AE343F929269B5000B25A9B /* LocationDetailViewController.swift */ = {isa = PBXFileReference; lastKnownFileType = sourcecode.swift; path = LocationDetailViewController.swift; sourceTree = "<group>"; };
		4AE343FD29269E1100B25A9B /* LocationListViewController.swift */ = {isa = PBXFileReference; lastKnownFileType = sourcecode.swift; path = LocationListViewController.swift; sourceTree = "<group>"; };
/* End PBXFileReference section */

/* Begin PBXFrameworksBuildPhase section */
		4AE343D829268D4600B25A9B /* Frameworks */ = {
			isa = PBXFrameworksBuildPhase;
			buildActionMask = 2147483647;
			files = (
				4A737ACA2938AF1600038F7B /* FirebaseFirestoreSwift in Frameworks */,
				4A737AC22938AF1600038F7B /* FirebaseAuth in Frameworks */,
				4A737AC82938AF1600038F7B /* FirebaseFirestoreCombine-Community in Frameworks */,
				4A737AC42938AF1600038F7B /* FirebaseAuthCombine-Community in Frameworks */,
				4A737AC62938AF1600038F7B /* FirebaseFirestore in Frameworks */,
			);
			runOnlyForDeploymentPostprocessing = 0;
		};
/* End PBXFrameworksBuildPhase section */

/* Begin PBXGroup section */
		4A737AB12938A52400038F7B /* View */ = {
			isa = PBXGroup;
			children = (
				4AB2D0AE293E3D0C0011BD69 /* StoryBoards */,
				4A7E5D6B293A6BE80056B690 /* Components */,
			);
			path = View;
			sourceTree = "<group>";
		};
		4A737AB22938A54F00038F7B /* Control */ = {
			isa = PBXGroup;
			children = (
				4AE343E229268D4600B25A9B /* WelcomeViewController.swift */,
				4A7E5D6D293A87490056B690 /* App */,
				4A7E5D6C293A872E0056B690 /* LogIn */,
			);
			path = Control;
			sourceTree = "<group>";
		};
		4A737AB32938A56A00038F7B /* Model */ = {
			isa = PBXGroup;
			children = (
				4A7E5D62293A086C0056B690 /* local */,
				4A7E5D63293A08B60056B690 /* AppRepository.swift */,
			);
			path = Model;
			sourceTree = "<group>";
		};
		4A7E5D62293A086C0056B690 /* local */ = {
			isa = PBXGroup;
			children = (
				4A737AB42938A66C00038F7B /* Location+CoreDataClass.swift */,
				4A737AB52938A66C00038F7B /* Location+CoreDataProperties.swift */,
				4A737AB62938A66C00038F7B /* Coords+CoreDataClass.swift */,
				4A737AB72938A66C00038F7B /* Coords+CoreDataProperties.swift */,
			);
			path = local;
			sourceTree = "<group>";
		};
		4A7E5D6B293A6BE80056B690 /* Components */ = {
			isa = PBXGroup;
			children = (
				4A638DEA2938C6AB00FFB4C3 /* CardView.swift */,
				4A8EA03129397E2A00996B5D /* LocationCell.swift */,
				4A8EA03229397E2A00996B5D /* LocationCell.xib */,
			);
			path = Components;
			sourceTree = "<group>";
		};
		4A7E5D6C293A872E0056B690 /* LogIn */ = {
			isa = PBXGroup;
			children = (
				4A638DE62938C32E00FFB4C3 /* LoginViewController.swift */,
				4A638DE82938C35D00FFB4C3 /* RegisterViewController.swift */,
			);
			path = LogIn;
			sourceTree = "<group>";
		};
		4A7E5D6D293A87490056B690 /* App */ = {
			isa = PBXGroup;
			children = (
				4AE343FD29269E1100B25A9B /* LocationListViewController.swift */,
				4AE343F929269B5000B25A9B /* LocationDetailViewController.swift */,
				4A7E5D6E293E04D60056B690 /* WebRessourcesViewController.swift */,
			);
			path = App;
			sourceTree = "<group>";
		};
		4AB2D0AE293E3D0C0011BD69 /* StoryBoards */ = {
			isa = PBXGroup;
			children = (
				4AE343EC29268D4800B25A9B /* LaunchScreen.storyboard */,
				4AE343E429268D4600B25A9B /* Main.storyboard */,
				4A7E5D67293A65730056B690 /* Login.storyboard */,
				4A7E5D69293A69600056B690 /* App.storyboard */,
			);
			path = StoryBoards;
			sourceTree = "<group>";
		};
		4AE343D229268D4600B25A9B = {
			isa = PBXGroup;
			children = (
				4AE343DD29268D4600B25A9B /* MyLocationsIOS */,
				4AE343DC29268D4600B25A9B /* Products */,
			);
			sourceTree = "<group>";
		};
		4AE343DC29268D4600B25A9B /* Products */ = {
			isa = PBXGroup;
			children = (
				4AE343DB29268D4600B25A9B /* MyLocationsIOS.app */,
			);
			name = Products;
			sourceTree = "<group>";
		};
		4AE343DD29268D4600B25A9B /* MyLocationsIOS */ = {
			isa = PBXGroup;
			children = (
				4A737AB32938A56A00038F7B /* Model */,
				4A737AB12938A52400038F7B /* View */,
				4A737AB22938A54F00038F7B /* Control */,
				4AE343DE29268D4600B25A9B /* AppDelegate.swift */,
				4AE343E029268D4600B25A9B /* SceneDelegate.swift */,
				4A737ABC2938A7B800038F7B /* K.swift */,
				4AE343EA29268D4800B25A9B /* Assets.xcassets */,
				4AE343EF29268D4800B25A9B /* Info.plist */,
				4A737ABE2938AC1900038F7B /* GoogleService-Info.plist */,
				4AE343E729268D4600B25A9B /* MyLocationsIOS.xcdatamodeld */,
			);
			path = MyLocationsIOS;
			sourceTree = "<group>";
		};
/* End PBXGroup section */

/* Begin PBXNativeTarget section */
		4AE343DA29268D4600B25A9B /* MyLocationsIOS */ = {
			isa = PBXNativeTarget;
			buildConfigurationList = 4AE343F229268D4800B25A9B /* Build configuration list for PBXNativeTarget "MyLocationsIOS" */;
			buildPhases = (
				4AE343D729268D4600B25A9B /* Sources */,
				4AE343D829268D4600B25A9B /* Frameworks */,
				4AE343D929268D4600B25A9B /* Resources */,
			);
			buildRules = (
			);
			dependencies = (
			);
			name = MyLocationsIOS;
			packageProductDependencies = (
				4A737AC12938AF1600038F7B /* FirebaseAuth */,
				4A737AC32938AF1600038F7B /* FirebaseAuthCombine-Community */,
				4A737AC52938AF1600038F7B /* FirebaseFirestore */,
				4A737AC72938AF1600038F7B /* FirebaseFirestoreCombine-Community */,
				4A737AC92938AF1600038F7B /* FirebaseFirestoreSwift */,
			);
			productName = MyLocationsIOS;
			productReference = 4AE343DB29268D4600B25A9B /* MyLocationsIOS.app */;
			productType = "com.apple.product-type.application";
		};
/* End PBXNativeTarget section */

/* Begin PBXProject section */
		4AE343D329268D4600B25A9B /* Project object */ = {
			isa = PBXProject;
			attributes = {
				BuildIndependentTargetsInParallel = 1;
				LastSwiftUpdateCheck = 1410;
				LastUpgradeCheck = 1410;
				TargetAttributes = {
					4AE343DA29268D4600B25A9B = {
						CreatedOnToolsVersion = 14.1;
					};
				};
			};
			buildConfigurationList = 4AE343D629268D4600B25A9B /* Build configuration list for PBXProject "MyLocationsIOS" */;
			compatibilityVersion = "Xcode 14.0";
			developmentRegion = en;
			hasScannedForEncodings = 0;
			knownRegions = (
				en,
				Base,
			);
			mainGroup = 4AE343D229268D4600B25A9B;
			packageReferences = (
				4A737AC02938AF1500038F7B /* XCRemoteSwiftPackageReference "firebase-ios-sdk" */,
			);
			productRefGroup = 4AE343DC29268D4600B25A9B /* Products */;
			projectDirPath = "";
			projectRoot = "";
			targets = (
				4AE343DA29268D4600B25A9B /* MyLocationsIOS */,
			);
		};
/* End PBXProject section */

/* Begin PBXResourcesBuildPhase section */
		4AE343D929268D4600B25A9B /* Resources */ = {
			isa = PBXResourcesBuildPhase;
			buildActionMask = 2147483647;
			files = (
				4A8EA03429397E2A00996B5D /* LocationCell.xib in Resources */,
				4AE343EE29268D4800B25A9B /* LaunchScreen.storyboard in Resources */,
				4A7E5D68293A65730056B690 /* Login.storyboard in Resources */,
				4A737ABF2938AC1A00038F7B /* GoogleService-Info.plist in Resources */,
				4A7E5D6A293A69600056B690 /* App.storyboard in Resources */,
				4AE343EB29268D4800B25A9B /* Assets.xcassets in Resources */,
				4AE343E629268D4600B25A9B /* Main.storyboard in Resources */,
			);
			runOnlyForDeploymentPostprocessing = 0;
		};
/* End PBXResourcesBuildPhase section */

/* Begin PBXSourcesBuildPhase section */
		4AE343D729268D4600B25A9B /* Sources */ = {
			isa = PBXSourcesBuildPhase;
			buildActionMask = 2147483647;
			files = (
				4A638DEB2938C6AB00FFB4C3 /* CardView.swift in Sources */,
				4A638DE72938C32E00FFB4C3 /* LoginViewController.swift in Sources */,
				4A737AB92938A66C00038F7B /* Location+CoreDataProperties.swift in Sources */,
				4A737AB82938A66C00038F7B /* Location+CoreDataClass.swift in Sources */,
				4AE343E929268D4600B25A9B /* MyLocationsIOS.xcdatamodeld in Sources */,
				4AE343FA29269B5000B25A9B /* LocationDetailViewController.swift in Sources */,
				4A8EA03329397E2A00996B5D /* LocationCell.swift in Sources */,
				4A7E5D6F293E04D60056B690 /* WebRessourcesViewController.swift in Sources */,
				4AE343E329268D4600B25A9B /* WelcomeViewController.swift in Sources */,
				4AE343DF29268D4600B25A9B /* AppDelegate.swift in Sources */,
				4A737ABD2938A7B800038F7B /* K.swift in Sources */,
				4AE343FE29269E1100B25A9B /* LocationListViewController.swift in Sources */,
				4A7E5D64293A08B60056B690 /* AppRepository.swift in Sources */,
				4A737ABB2938A66C00038F7B /* Coords+CoreDataProperties.swift in Sources */,
				4A638DE92938C35D00FFB4C3 /* RegisterViewController.swift in Sources */,
				4AE343E129268D4600B25A9B /* SceneDelegate.swift in Sources */,
				4A737ABA2938A66C00038F7B /* Coords+CoreDataClass.swift in Sources */,
			);
			runOnlyForDeploymentPostprocessing = 0;
		};
/* End PBXSourcesBuildPhase section */

/* Begin PBXVariantGroup section */
		4AE343E429268D4600B25A9B /* Main.storyboard */ = {
			isa = PBXVariantGroup;
			children = (
				4AE343E529268D4600B25A9B /* Base */,
			);
			name = Main.storyboard;
			sourceTree = "<group>";
		};
		4AE343EC29268D4800B25A9B /* LaunchScreen.storyboard */ = {
			isa = PBXVariantGroup;
			children = (
				4AE343ED29268D4800B25A9B /* Base */,
			);
			name = LaunchScreen.storyboard;
			sourceTree = "<group>";
		};
/* End PBXVariantGroup section */

/* Begin XCBuildConfiguration section */
		4AE343F029268D4800B25A9B /* Debug */ = {
			isa = XCBuildConfiguration;
			buildSettings = {
				ALWAYS_SEARCH_USER_PATHS = NO;
				CLANG_ANALYZER_NONNULL = YES;
				CLANG_ANALYZER_NUMBER_OBJECT_CONVERSION = YES_AGGRESSIVE;
				CLANG_CXX_LANGUAGE_STANDARD = "gnu++20";
				CLANG_ENABLE_MODULES = YES;
				CLANG_ENABLE_OBJC_ARC = YES;
				CLANG_ENABLE_OBJC_WEAK = YES;
				CLANG_WARN_BLOCK_CAPTURE_AUTORELEASING = YES;
				CLANG_WARN_BOOL_CONVERSION = YES;
				CLANG_WARN_COMMA = YES;
				CLANG_WARN_CONSTANT_CONVERSION = YES;
				CLANG_WARN_DEPRECATED_OBJC_IMPLEMENTATIONS = YES;
				CLANG_WARN_DIRECT_OBJC_ISA_USAGE = YES_ERROR;
				CLANG_WARN_DOCUMENTATION_COMMENTS = YES;
				CLANG_WARN_EMPTY_BODY = YES;
				CLANG_WARN_ENUM_CONVERSION = YES;
				CLANG_WARN_INFINITE_RECURSION = YES;
				CLANG_WARN_INT_CONVERSION = YES;
				CLANG_WARN_NON_LITERAL_NULL_CONVERSION = YES;
				CLANG_WARN_OBJC_IMPLICIT_RETAIN_SELF = YES;
				CLANG_WARN_OBJC_LITERAL_CONVERSION = YES;
				CLANG_WARN_OBJC_ROOT_CLASS = YES_ERROR;
				CLANG_WARN_QUOTED_INCLUDE_IN_FRAMEWORK_HEADER = YES;
				CLANG_WARN_RANGE_LOOP_ANALYSIS = YES;
				CLANG_WARN_STRICT_PROTOTYPES = YES;
				CLANG_WARN_SUSPICIOUS_MOVE = YES;
				CLANG_WARN_UNGUARDED_AVAILABILITY = YES_AGGRESSIVE;
				CLANG_WARN_UNREACHABLE_CODE = YES;
				CLANG_WARN__DUPLICATE_METHOD_MATCH = YES;
				COPY_PHASE_STRIP = NO;
				DEBUG_INFORMATION_FORMAT = dwarf;
				ENABLE_STRICT_OBJC_MSGSEND = YES;
				ENABLE_TESTABILITY = YES;
				GCC_C_LANGUAGE_STANDARD = gnu11;
				GCC_DYNAMIC_NO_PIC = NO;
				GCC_NO_COMMON_BLOCKS = YES;
				GCC_OPTIMIZATION_LEVEL = 0;
				GCC_PREPROCESSOR_DEFINITIONS = (
					"DEBUG=1",
					"$(inherited)",
				);
				GCC_WARN_64_TO_32_BIT_CONVERSION = YES;
				GCC_WARN_ABOUT_RETURN_TYPE = YES_ERROR;
				GCC_WARN_UNDECLARED_SELECTOR = YES;
				GCC_WARN_UNINITIALIZED_AUTOS = YES_AGGRESSIVE;
				GCC_WARN_UNUSED_FUNCTION = YES;
				GCC_WARN_UNUSED_VARIABLE = YES;
				IPHONEOS_DEPLOYMENT_TARGET = 16.1;
				MTL_ENABLE_DEBUG_INFO = INCLUDE_SOURCE;
				MTL_FAST_MATH = YES;
				ONLY_ACTIVE_ARCH = YES;
				SDKROOT = iphoneos;
				SWIFT_ACTIVE_COMPILATION_CONDITIONS = DEBUG;
				SWIFT_OPTIMIZATION_LEVEL = "-Onone";
			};
			name = Debug;
		};
		4AE343F129268D4800B25A9B /* Release */ = {
			isa = XCBuildConfiguration;
			buildSettings = {
				ALWAYS_SEARCH_USER_PATHS = NO;
				CLANG_ANALYZER_NONNULL = YES;
				CLANG_ANALYZER_NUMBER_OBJECT_CONVERSION = YES_AGGRESSIVE;
				CLANG_CXX_LANGUAGE_STANDARD = "gnu++20";
				CLANG_ENABLE_MODULES = YES;
				CLANG_ENABLE_OBJC_ARC = YES;
				CLANG_ENABLE_OBJC_WEAK = YES;
				CLANG_WARN_BLOCK_CAPTURE_AUTORELEASING = YES;
				CLANG_WARN_BOOL_CONVERSION = YES;
				CLANG_WARN_COMMA = YES;
				CLANG_WARN_CONSTANT_CONVERSION = YES;
				CLANG_WARN_DEPRECATED_OBJC_IMPLEMENTATIONS = YES;
				CLANG_WARN_DIRECT_OBJC_ISA_USAGE = YES_ERROR;
				CLANG_WARN_DOCUMENTATION_COMMENTS = YES;
				CLANG_WARN_EMPTY_BODY = YES;
				CLANG_WARN_ENUM_CONVERSION = YES;
				CLANG_WARN_INFINITE_RECURSION = YES;
				CLANG_WARN_INT_CONVERSION = YES;
				CLANG_WARN_NON_LITERAL_NULL_CONVERSION = YES;
				CLANG_WARN_OBJC_IMPLICIT_RETAIN_SELF = YES;
				CLANG_WARN_OBJC_LITERAL_CONVERSION = YES;
				CLANG_WARN_OBJC_ROOT_CLASS = YES_ERROR;
				CLANG_WARN_QUOTED_INCLUDE_IN_FRAMEWORK_HEADER = YES;
				CLANG_WARN_RANGE_LOOP_ANALYSIS = YES;
				CLANG_WARN_STRICT_PROTOTYPES = YES;
				CLANG_WARN_SUSPICIOUS_MOVE = YES;
				CLANG_WARN_UNGUARDED_AVAILABILITY = YES_AGGRESSIVE;
				CLANG_WARN_UNREACHABLE_CODE = YES;
				CLANG_WARN__DUPLICATE_METHOD_MATCH = YES;
				COPY_PHASE_STRIP = NO;
				DEBUG_INFORMATION_FORMAT = "dwarf-with-dsym";
				ENABLE_NS_ASSERTIONS = NO;
				ENABLE_STRICT_OBJC_MSGSEND = YES;
				GCC_C_LANGUAGE_STANDARD = gnu11;
				GCC_NO_COMMON_BLOCKS = YES;
				GCC_WARN_64_TO_32_BIT_CONVERSION = YES;
				GCC_WARN_ABOUT_RETURN_TYPE = YES_ERROR;
				GCC_WARN_UNDECLARED_SELECTOR = YES;
				GCC_WARN_UNINITIALIZED_AUTOS = YES_AGGRESSIVE;
				GCC_WARN_UNUSED_FUNCTION = YES;
				GCC_WARN_UNUSED_VARIABLE = YES;
				IPHONEOS_DEPLOYMENT_TARGET = 16.1;
				MTL_ENABLE_DEBUG_INFO = NO;
				MTL_FAST_MATH = YES;
				SDKROOT = iphoneos;
				SWIFT_COMPILATION_MODE = wholemodule;
				SWIFT_OPTIMIZATION_LEVEL = "-O";
				VALIDATE_PRODUCT = YES;
			};
			name = Release;
		};
		4AE343F329268D4800B25A9B /* Debug */ = {
			isa = XCBuildConfiguration;
			buildSettings = {
				ASSETCATALOG_COMPILER_APPICON_NAME = AppIcon;
				ASSETCATALOG_COMPILER_GLOBAL_ACCENT_COLOR_NAME = AccentColor;
				CODE_SIGN_STYLE = Automatic;
				CURRENT_PROJECT_VERSION = 1;
				DEVELOPMENT_TEAM = 4N5CZF3G4Q;
				GENERATE_INFOPLIST_FILE = YES;
				INFOPLIST_FILE = MyLocationsIOS/Info.plist;
				INFOPLIST_KEY_CFBundleDisplayName = "My Locations";
				INFOPLIST_KEY_UIApplicationSupportsIndirectInputEvents = YES;
				INFOPLIST_KEY_UILaunchStoryboardName = LaunchScreen;
				INFOPLIST_KEY_UIMainStoryboardFile = Main;
				INFOPLIST_KEY_UISupportedInterfaceOrientations_iPad = "UIInterfaceOrientationPortrait UIInterfaceOrientationPortraitUpsideDown UIInterfaceOrientationLandscapeLeft UIInterfaceOrientationLandscapeRight";
				INFOPLIST_KEY_UISupportedInterfaceOrientations_iPhone = "UIInterfaceOrientationPortrait UIInterfaceOrientationLandscapeLeft UIInterfaceOrientationLandscapeRight";
				LD_RUNPATH_SEARCH_PATHS = (
					"$(inherited)",
					"@executable_path/Frameworks",
				);
				MARKETING_VERSION = 1.0;
				PRODUCT_BUNDLE_IDENTIFIER = cloud.edrich.MyLocationsIOS;
				PRODUCT_NAME = "$(TARGET_NAME)";
				SWIFT_EMIT_LOC_STRINGS = YES;
				SWIFT_VERSION = 5.0;
				TARGETED_DEVICE_FAMILY = "1,2";
			};
			name = Debug;
		};
		4AE343F429268D4800B25A9B /* Release */ = {
			isa = XCBuildConfiguration;
			buildSettings = {
				ASSETCATALOG_COMPILER_APPICON_NAME = AppIcon;
				ASSETCATALOG_COMPILER_GLOBAL_ACCENT_COLOR_NAME = AccentColor;
				CODE_SIGN_STYLE = Automatic;
				CURRENT_PROJECT_VERSION = 1;
				DEVELOPMENT_TEAM = 4N5CZF3G4Q;
				GENERATE_INFOPLIST_FILE = YES;
				INFOPLIST_FILE = MyLocationsIOS/Info.plist;
				INFOPLIST_KEY_CFBundleDisplayName = "My Locations";
				INFOPLIST_KEY_UIApplicationSupportsIndirectInputEvents = YES;
				INFOPLIST_KEY_UILaunchStoryboardName = LaunchScreen;
				INFOPLIST_KEY_UIMainStoryboardFile = Main;
				INFOPLIST_KEY_UISupportedInterfaceOrientations_iPad = "UIInterfaceOrientationPortrait UIInterfaceOrientationPortraitUpsideDown UIInterfaceOrientationLandscapeLeft UIInterfaceOrientationLandscapeRight";
				INFOPLIST_KEY_UISupportedInterfaceOrientations_iPhone = "UIInterfaceOrientationPortrait UIInterfaceOrientationLandscapeLeft UIInterfaceOrientationLandscapeRight";
				LD_RUNPATH_SEARCH_PATHS = (
					"$(inherited)",
					"@executable_path/Frameworks",
				);
				MARKETING_VERSION = 1.0;
				PRODUCT_BUNDLE_IDENTIFIER = cloud.edrich.MyLocationsIOS;
				PRODUCT_NAME = "$(TARGET_NAME)";
				SWIFT_EMIT_LOC_STRINGS = YES;
				SWIFT_VERSION = 5.0;
				TARGETED_DEVICE_FAMILY = "1,2";
			};
			name = Release;
		};
/* End XCBuildConfiguration section */

/* Begin XCConfigurationList section */
		4AE343D629268D4600B25A9B /* Build configuration list for PBXProject "MyLocationsIOS" */ = {
			isa = XCConfigurationList;
			buildConfigurations = (
				4AE343F029268D4800B25A9B /* Debug */,
				4AE343F129268D4800B25A9B /* Release */,
			);
			defaultConfigurationIsVisible = 0;
			defaultConfigurationName = Release;
		};
		4AE343F229268D4800B25A9B /* Build configuration list for PBXNativeTarget "MyLocationsIOS" */ = {
			isa = XCConfigurationList;
			buildConfigurations = (
				4AE343F329268D4800B25A9B /* Debug */,
				4AE343F429268D4800B25A9B /* Release */,
			);
			defaultConfigurationIsVisible = 0;
			defaultConfigurationName = Release;
		};
/* End XCConfigurationList section */

/* Begin XCRemoteSwiftPackageReference section */
		4A737AC02938AF1500038F7B /* XCRemoteSwiftPackageReference "firebase-ios-sdk" */ = {
			isa = XCRemoteSwiftPackageReference;
			repositoryURL = "https://github.com/firebase/firebase-ios-sdk";
			requirement = {
				kind = upToNextMajorVersion;
				minimumVersion = 9.0.0;
			};
		};
/* End XCRemoteSwiftPackageReference section */

/* Begin XCSwiftPackageProductDependency section */
		4A737AC12938AF1600038F7B /* FirebaseAuth */ = {
			isa = XCSwiftPackageProductDependency;
			package = 4A737AC02938AF1500038F7B /* XCRemoteSwiftPackageReference "firebase-ios-sdk" */;
			productName = FirebaseAuth;
		};
		4A737AC32938AF1600038F7B /* FirebaseAuthCombine-Community */ = {
			isa = XCSwiftPackageProductDependency;
			package = 4A737AC02938AF1500038F7B /* XCRemoteSwiftPackageReference "firebase-ios-sdk" */;
			productName = "FirebaseAuthCombine-Community";
		};
		4A737AC52938AF1600038F7B /* FirebaseFirestore */ = {
			isa = XCSwiftPackageProductDependency;
			package = 4A737AC02938AF1500038F7B /* XCRemoteSwiftPackageReference "firebase-ios-sdk" */;
			productName = FirebaseFirestore;
		};
		4A737AC72938AF1600038F7B /* FirebaseFirestoreCombine-Community */ = {
			isa = XCSwiftPackageProductDependency;
			package = 4A737AC02938AF1500038F7B /* XCRemoteSwiftPackageReference "firebase-ios-sdk" */;
			productName = "FirebaseFirestoreCombine-Community";
		};
		4A737AC92938AF1600038F7B /* FirebaseFirestoreSwift */ = {
			isa = XCSwiftPackageProductDependency;
			package = 4A737AC02938AF1500038F7B /* XCRemoteSwiftPackageReference "firebase-ios-sdk" */;
			productName = FirebaseFirestoreSwift;
		};
/* End XCSwiftPackageProductDependency section */

/* Begin XCVersionGroup section */
		4AE343E729268D4600B25A9B /* MyLocationsIOS.xcdatamodeld */ = {
			isa = XCVersionGroup;
			children = (
				4AE343E829268D4600B25A9B /* MyLocationsIOS.xcdatamodel */,
			);
			currentVersion = 4AE343E829268D4600B25A9B /* MyLocationsIOS.xcdatamodel */;
			path = MyLocationsIOS.xcdatamodeld;
			sourceTree = "<group>";
			versionGroupType = wrapper.xcdatamodel;
		};
/* End XCVersionGroup section */
	};
	rootObject = 4AE343D329268D4600B25A9B /* Project object */;
}
